
Microsoft Visual Studio Solution File, Format Version 12.00
# Visual Studio Version 17
VisualStudioVersion = 17.1.32414.318
MinimumVisualStudioVersion = 10.0.40219.1
Project("{9A19103F-16F7-4668-BE54-9A1E7A4F7556}") = "TwitterAPIStream", "TwitterAPIStream\TwitterAPIStream.csproj", "{706D774B-1931-463C-AAD8-E3028DC18349}"
EndProject
Global
	GlobalSection(SolutionConfigurationPlatforms) = preSolution
		Debug|Any CPU = Debug|Any CPU
		Release|Any CPU = Release|Any CPU
	EndGlobalSection
	GlobalSection(ProjectConfigurationPlatforms) = postSolution
		{706D774B-1931-463C-AAD8-E3028DC18349}.Debug|Any CPU.ActiveCfg = Debug|Any CPU
		{706D774B-1931-463C-AAD8-E3028DC18349}.Debug|Any CPU.Build.0 = Debug|Any CPU
		{706D774B-1931-463C-AAD8-E3028DC18349}.Release|Any CPU.ActiveCfg = Release|Any CPU
		{706D774B-1931-463C-AAD8-E3028DC18349}.Release|Any CPU.Build.0 = Release|Any CPU
	EndGlobalSection
	GlobalSection(SolutionProperties) = preSolution
		HideSolutionNode = FALSE
	EndGlobalSection
	GlobalSection(ExtensibilityGlobals) = postSolution
		SolutionGuid = {68544D3D-7065-4BC3-9965-ABC9DD3E3ACF}
	EndGlobalSection
EndGlobal
